{
  "version": 4,
  "terraform_version": "1.10.3",
  "serial": 115,
  "lineage": "b35e8886-c49e-64a8-8dae-c9d276284f38",
  "outputs": {
    "instance_public_ip": {
      "value": "",
      "type": "string"
    },
    "rds_instance_endpoint": {
      "value": "demo-rds.cdkog0wmkozq.eu-central-1.rds.amazonaws.com",
      "type": "string"
    }
  },
  "resources": [
    {
      "mode": "managed",
      "type": "aws_db_instance",
      "name": "postgresql",
      "provider": "provider[\"registry.terraform.io/hashicorp/aws\"]",
      "instances": [
        {
          "schema_version": 2,
          "attributes": {
            "address": "demo-rds.cdkog0wmkozq.eu-central-1.rds.amazonaws.com",
            "allocated_storage": 20,
            "allow_major_version_upgrade": null,
            "apply_immediately": false,
            "arn": "arn:aws:rds:eu-central-1:343218202221:db:demo-rds",
            "auto_minor_version_upgrade": true,
            "availability_zone": "eu-central-1b",
            "backup_retention_period": 14,
            "backup_target": "region",
            "backup_window": "01:04-01:34",
            "blue_green_update": [],
            "ca_cert_identifier": "rds-ca-rsa2048-g1",
            "character_set_name": "",
            "copy_tags_to_snapshot": false,
            "custom_iam_instance_profile": "",
            "customer_owned_ip_enabled": false,
            "db_name": "demo_db",
            "db_subnet_group_name": "rds-private-subnet-group",
            "dedicated_log_volume": false,
            "delete_automated_backups": true,
            "deletion_protection": false,
            "domain": "",
            "domain_auth_secret_arn": "",
            "domain_dns_ips": null,
            "domain_fqdn": "",
            "domain_iam_role_name": "",
            "domain_ou": "",
            "enabled_cloudwatch_logs_exports": null,
            "endpoint": "demo-rds.cdkog0wmkozq.eu-central-1.rds.amazonaws.com:5432",
            "engine": "postgres",
            "engine_lifecycle_support": "open-source-rds-extended-support",
            "engine_version": "16.3",
            "engine_version_actual": "16.3",
            "final_snapshot_identifier": null,
            "hosted_zone_id": "Z1RLNUO7B9Q6NB",
            "iam_database_authentication_enabled": false,
            "id": "db-AAPEO6NCNT3PKBX2LBLETG5UEQ",
            "identifier": "demo-rds",
            "identifier_prefix": "",
            "instance_class": "db.t3.micro",
            "iops": 0,
            "kms_key_id": "",
            "latest_restorable_time": "2025-01-05T21:32:11Z",
            "license_model": "postgresql-license",
            "listener_endpoint": [],
            "maintenance_window": "mon:23:58-tue:00:28",
            "manage_master_user_password": null,
            "master_user_secret": [],
            "master_user_secret_kms_key_id": null,
            "max_allocated_storage": 0,
            "monitoring_interval": 0,
            "monitoring_role_arn": "",
            "multi_az": true,
            "nchar_character_set_name": "",
            "network_type": "IPV4",
            "option_group_name": "default:postgres-16",
            "parameter_group_name": "default.postgres16",
            "password": "Admin123.",
            "performance_insights_enabled": false,
            "performance_insights_kms_key_id": "",
            "performance_insights_retention_period": 0,
            "port": 5432,
            "publicly_accessible": false,
            "replica_mode": "",
            "replicas": [],
            "replicate_source_db": "",
            "resource_id": "db-AAPEO6NCNT3PKBX2LBLETG5UEQ",
            "restore_to_point_in_time": [],
            "s3_import": [],
            "skip_final_snapshot": false,
            "snapshot_identifier": null,
            "status": "available",
            "storage_encrypted": false,
            "storage_throughput": 0,
            "storage_type": "gp2",
            "tags": {
              "Name": "Demo RDS instance"
            },
            "tags_all": {
              "Name": "Demo RDS instance"
            },
            "timeouts": null,
            "timezone": "",
            "upgrade_storage_config": null,
            "username": "dbadmin",
            "vpc_security_group_ids": [
              "sg-05b820c1eb62e0e26"
            ]
          },
          "sensitive_attributes": [
            [
              {
                "type": "get_attr",
                "value": "password"
              }
            ]
          ],
          "private": "eyJlMmJmYjczMC1lY2FhLTExZTYtOGY4OC0zNDM2M2JjN2M0YzAiOnsiY3JlYXRlIjozMDAwMDAwMDAwMDAwLCJkZWxldGUiOjM2MDAwMDAwMDAwMDAsInVwZGF0ZSI6NDgwMDAwMDAwMDAwMH0sInNjaGVtYV92ZXJzaW9uIjoiMiJ9",
          "dependencies": [
            "aws_db_subnet_group.rds_private_subnet_group",
            "aws_security_group.rds_sg",
            "aws_subnet.DemoPrivateSubnetA",
            "aws_subnet.DemoPrivateSubnetB",
            "aws_vpc.demovpc"
          ]
        }
      ]
    },
    {
      "mode": "managed",
      "type": "aws_db_subnet_group",
      "name": "rds_private_subnet_group",
      "provider": "provider[\"registry.terraform.io/hashicorp/aws\"]",
      "instances": [
        {
          "schema_version": 0,
          "attributes": {
            "arn": "arn:aws:rds:eu-central-1:343218202221:subgrp:rds-private-subnet-group",
            "description": "Managed by Terraform",
            "id": "rds-private-subnet-group",
            "name": "rds-private-subnet-group",
            "name_prefix": "",
            "subnet_ids": [
              "subnet-00584496cf4ae6003",
              "subnet-0c896500d93fc82e0"
            ],
            "supported_network_types": [
              "IPV4"
            ],
            "tags": {
              "Name": "RDS Private Subnet Group"
            },
            "tags_all": {
              "Name": "RDS Private Subnet Group"
            },
            "vpc_id": "vpc-0a37c4d977f52f2d6"
          },
          "sensitive_attributes": [],
          "private": "bnVsbA==",
          "dependencies": [
            "aws_subnet.DemoPrivateSubnetA",
            "aws_subnet.DemoPrivateSubnetB",
            "aws_vpc.demovpc"
          ]
        }
      ]
    },
    {
      "mode": "managed",
      "type": "aws_eip",
      "name": "DemoNAT",
      "provider": "provider[\"registry.terraform.io/hashicorp/aws\"]",
      "instances": [
        {
          "schema_version": 0,
          "attributes": {
            "address": null,
            "allocation_id": "eipalloc-05cea8a954602d45c",
            "arn": "arn:aws:ec2:eu-central-1:343218202221:elastic-ip/eipalloc-05cea8a954602d45c",
            "associate_with_private_ip": null,
            "association_id": "eipassoc-0dfd84ea2163416bd",
            "carrier_ip": "",
            "customer_owned_ip": "",
            "customer_owned_ipv4_pool": "",
            "domain": "vpc",
            "id": "eipalloc-05cea8a954602d45c",
            "instance": "",
            "ipam_pool_id": null,
            "network_border_group": "eu-central-1",
            "network_interface": "eni-06cd8cd5c9635f075",
            "private_dns": "ip-10-0-1-19.eu-central-1.compute.internal",
            "private_ip": "10.0.1.19",
            "ptr_record": "",
            "public_dns": "ec2-18-153-89-14.eu-central-1.compute.amazonaws.com",
            "public_ip": "18.153.89.14",
            "public_ipv4_pool": "amazon",
            "tags": {},
            "tags_all": {},
            "timeouts": null,
            "vpc": true
          },
          "sensitive_attributes": [],
          "private": "eyJlMmJmYjczMC1lY2FhLTExZTYtOGY4OC0zNDM2M2JjN2M0YzAiOnsiZGVsZXRlIjoxODAwMDAwMDAwMDAsInJlYWQiOjkwMDAwMDAwMDAwMCwidXBkYXRlIjozMDAwMDAwMDAwMDB9fQ=="
        }
      ]
    },
    {
      "mode": "managed",
      "type": "aws_instance",
      "name": "demo_ec2",
      "provider": "provider[\"registry.terraform.io/hashicorp/aws\"]",
      "instances": [
        {
          "schema_version": 1,
          "attributes": {
            "ami": "ami-071f0796b00a3a89d",
            "arn": "arn:aws:ec2:eu-central-1:343218202221:instance/i-08d39d6fe7b6d00ba",
            "associate_public_ip_address": false,
            "availability_zone": "eu-central-1a",
            "capacity_reservation_specification": [
              {
                "capacity_reservation_preference": "open",
                "capacity_reservation_target": []
              }
            ],
            "cpu_core_count": 1,
            "cpu_options": [
              {
                "amd_sev_snp": "",
                "core_count": 1,
                "threads_per_core": 1
              }
            ],
            "cpu_threads_per_core": 1,
            "credit_specification": [
              {
                "cpu_credits": "standard"
              }
            ],
            "disable_api_stop": false,
            "disable_api_termination": false,
            "ebs_block_device": [],
            "ebs_optimized": false,
            "enable_primary_ipv6": null,
            "enclave_options": [
              {
                "enabled": false
              }
            ],
            "ephemeral_block_device": [],
            "get_password_data": false,
            "hibernation": false,
            "host_id": "",
            "host_resource_group_arn": null,
            "iam_instance_profile": "",
            "id": "i-08d39d6fe7b6d00ba",
            "instance_initiated_shutdown_behavior": "stop",
            "instance_lifecycle": "",
            "instance_market_options": [],
            "instance_state": "running",
            "instance_type": "t2.micro",
            "ipv6_address_count": 0,
            "ipv6_addresses": [],
            "key_name": "demo-key",
            "launch_template": [],
            "maintenance_options": [
              {
                "auto_recovery": "default"
              }
            ],
            "metadata_options": [
              {
                "http_endpoint": "enabled",
                "http_protocol_ipv6": "disabled",
                "http_put_response_hop_limit": 1,
                "http_tokens": "optional",
                "instance_metadata_tags": "disabled"
              }
            ],
            "monitoring": false,
            "network_interface": [],
            "outpost_arn": "",
            "password_data": "",
            "placement_group": "",
            "placement_partition_number": 0,
            "primary_network_interface_id": "eni-0f712fdcf907797d6",
            "private_dns": "ip-10-0-1-41.eu-central-1.compute.internal",
            "private_dns_name_options": [
              {
                "enable_resource_name_dns_a_record": false,
                "enable_resource_name_dns_aaaa_record": false,
                "hostname_type": "ip-name"
              }
            ],
            "private_ip": "10.0.1.41",
            "public_dns": "",
            "public_ip": "",
            "root_block_device": [
              {
                "delete_on_termination": true,
                "device_name": "/dev/xvda",
                "encrypted": false,
                "iops": 100,
                "kms_key_id": "",
                "tags": {},
                "tags_all": {},
                "throughput": 0,
                "volume_id": "vol-02d85c63426e6624d",
                "volume_size": 8,
                "volume_type": "gp2"
              }
            ],
            "secondary_private_ips": [],
            "security_groups": [
              "sg-022336469e99ffbd0",
              "sg-0ce7b87e7bfef0dae"
            ],
            "source_dest_check": true,
            "spot_instance_request_id": "",
            "subnet_id": "subnet-05e653c962ec70d43",
            "tags": {
              "Name": "Demo EC2 Instance"
            },
            "tags_all": {
              "Name": "Demo EC2 Instance"
            },
            "tenancy": "default",
            "timeouts": null,
            "user_data": "3bfb27a5ec9187f94a5da15877b562ea904c15e1",
            "user_data_base64": null,
            "user_data_replace_on_change": false,
            "volume_tags": null,
            "vpc_security_group_ids": [
              "sg-022336469e99ffbd0",
              "sg-0ce7b87e7bfef0dae"
            ]
          },
          "sensitive_attributes": [],
          "private": "eyJlMmJmYjczMC1lY2FhLTExZTYtOGY4OC0zNDM2M2JjN2M0YzAiOnsiY3JlYXRlIjo2MDAwMDAwMDAwMDAsImRlbGV0ZSI6MTIwMDAwMDAwMDAwMCwicmVhZCI6OTAwMDAwMDAwMDAwLCJ1cGRhdGUiOjYwMDAwMDAwMDAwMH0sInNjaGVtYV92ZXJzaW9uIjoiMSJ9",
          "dependencies": [
            "aws_db_instance.postgresql",
            "aws_db_subnet_group.rds_private_subnet_group",
            "aws_key_pair.demo_key_pair",
            "aws_security_group.demo_sg",
            "aws_security_group.ec2_sg",
            "aws_security_group.rds_sg",
            "aws_subnet.DemoPrivateSubnetA",
            "aws_subnet.DemoPrivateSubnetB",
            "aws_subnet.DemoPublicSubnetA",
            "aws_vpc.demovpc",
            "tls_private_key.demo_private_key"
          ]
        }
      ]
    },
    {
      "mode": "managed",
      "type": "aws_internet_gateway",
      "name": "DemoIGW",
      "provider": "provider[\"registry.terraform.io/hashicorp/aws\"]",
      "instances": [
        {
          "schema_version": 0,
          "attributes": {
            "arn": "arn:aws:ec2:eu-central-1:343218202221:internet-gateway/igw-0f0d80aab2e364866",
            "id": "igw-0f0d80aab2e364866",
            "owner_id": "343218202221",
            "tags": {
              "Name": "DemoIGW"
            },
            "tags_all": {
              "Name": "DemoIGW"
            },
            "timeouts": null,
            "vpc_id": "vpc-0a37c4d977f52f2d6"
          },
          "sensitive_attributes": [],
          "private": "eyJlMmJmYjczMC1lY2FhLTExZTYtOGY4OC0zNDM2M2JjN2M0YzAiOnsiY3JlYXRlIjoxMjAwMDAwMDAwMDAwLCJkZWxldGUiOjEyMDAwMDAwMDAwMDAsInVwZGF0ZSI6MTIwMDAwMDAwMDAwMH19",
          "dependencies": [
            "aws_vpc.demovpc"
          ]
        }
      ]
    },
    {
      "mode": "managed",
      "type": "aws_key_pair",
      "name": "demo_key_pair",
      "provider": "provider[\"registry.terraform.io/hashicorp/aws\"]",
      "instances": [
        {
          "schema_version": 1,
          "attributes": {
            "arn": "arn:aws:ec2:eu-central-1:343218202221:key-pair/demo-key",
            "fingerprint": "4f:f7:d8:e4:97:bc:6e:5b:41:b9:3a:24:f3:fe:5a:b8",
            "id": "demo-key",
            "key_name": "demo-key",
            "key_name_prefix": "",
            "key_pair_id": "key-0ce7075cbc24ffdb4",
            "key_type": "rsa",
            "public_key": "ssh-rsa AAAAB3NzaC1yc2EAAAADAQABAAACAQDJX4llDymiczMeLFm5p18MHKD/Esldfw+QKTqmKGuhrcx4QjaIRn0JTSf9ZXCzLalkOb/bE0PCCIGNUiNVQs+LJzmtX4pZrLhknGlq3KGT3ihPJuB7JouyOIlo8Gy6nQrXWmMXbHqrF5OUvRFvjMCxh+9h+tkuJpZCIogxaJTMHzcOJSpUUdRgcHCEhP1SzmbXZvGunNty3Kv0s3zuoAYs10Q9eilh30jWiiHx1EDdgM1Z6LY0Vml6Q8t6TEvhn3RobfKKwAGIJ+HNZlshwx943RjNYL9TcVIO3GlKQNcfTrtyInt5iLseCc/KnDjrFr2yuizSiVpc7I2OT1ufVa7b4dxw12VLoyIPpWy44VJLCQ21rOCVDrdmhRXBI7i5I8zCbp9eInd+EyM0s5z9l9bUQLAdITGxxi0fq3CbBTSxZ9RN5y7xXPxapTsqqAvEX4rjobCYzKOzBgyq7rH/PAI/RcCDhU3X9iAb9rmTncShtO72Hpo1xVChRw6nh0gGEjHQ6bLEciY6KUTBUUJo4cVA6yLUywP36G/sG2QJyHhREsKEUTtic29ez3SdA4xZz0HLDrlISC/YoQ99vldQ9PVPCYxQhuiwHrbp+zaFYUVMNTLazP13Z3eHTESt12DnyV0ejVFghNfKyVG2PePs8XZX8CiZtMnBJlhlAXQnxWEn/Q==",
            "tags": {},
            "tags_all": {}
          },
          "sensitive_attributes": [],
          "private": "eyJzY2hlbWFfdmVyc2lvbiI6IjEifQ==",
          "dependencies": [
            "tls_private_key.demo_private_key"
          ]
        }
      ]
    },
    {
      "mode": "managed",
      "type": "aws_nat_gateway",
      "name": "DemoNGW",
      "provider": "provider[\"registry.terraform.io/hashicorp/aws\"]",
      "instances": [
        {
          "schema_version": 0,
          "attributes": {
            "allocation_id": "eipalloc-05cea8a954602d45c",
            "association_id": "eipassoc-0dfd84ea2163416bd",
            "connectivity_type": "public",
            "id": "nat-0a703c9334963f71a",
            "network_interface_id": "eni-06cd8cd5c9635f075",
            "private_ip": "10.0.1.19",
            "public_ip": "18.153.89.14",
            "secondary_allocation_ids": [],
            "secondary_private_ip_address_count": 0,
            "secondary_private_ip_addresses": [],
            "subnet_id": "subnet-05e653c962ec70d43",
            "tags": {
              "Name": "Demo NAT Gateway"
            },
            "tags_all": {
              "Name": "Demo NAT Gateway"
            },
            "timeouts": null
          },
          "sensitive_attributes": [],
          "private": "eyJlMmJmYjczMC1lY2FhLTExZTYtOGY4OC0zNDM2M2JjN2M0YzAiOnsiY3JlYXRlIjo2MDAwMDAwMDAwMDAsImRlbGV0ZSI6MTgwMDAwMDAwMDAwMCwidXBkYXRlIjo2MDAwMDAwMDAwMDB9fQ==",
          "dependencies": [
            "aws_eip.DemoNAT",
            "aws_subnet.DemoPublicSubnetA",
            "aws_vpc.demovpc"
          ]
        }
      ]
    },
    {
      "mode": "managed",
      "type": "aws_route_table",
      "name": "DemoPrivateRT",
      "provider": "provider[\"registry.terraform.io/hashicorp/aws\"]",
      "instances": [
        {
          "schema_version": 0,
          "attributes": {
            "arn": "arn:aws:ec2:eu-central-1:343218202221:route-table/rtb-04795f1bcfdea90d4",
            "id": "rtb-04795f1bcfdea90d4",
            "owner_id": "343218202221",
            "propagating_vgws": [],
            "route": [
              {
                "carrier_gateway_id": "",
                "cidr_block": "0.0.0.0/0",
                "core_network_arn": "",
                "destination_prefix_list_id": "",
                "egress_only_gateway_id": "",
                "gateway_id": "",
                "ipv6_cidr_block": "",
                "local_gateway_id": "",
                "nat_gateway_id": "nat-0a703c9334963f71a",
                "network_interface_id": "",
                "transit_gateway_id": "",
                "vpc_endpoint_id": "",
                "vpc_peering_connection_id": ""
              }
            ],
            "tags": {
              "Name": "DemoPrivateRT"
            },
            "tags_all": {
              "Name": "DemoPrivateRT"
            },
            "timeouts": null,
            "vpc_id": "vpc-0a37c4d977f52f2d6"
          },
          "sensitive_attributes": [],
          "private": "eyJlMmJmYjczMC1lY2FhLTExZTYtOGY4OC0zNDM2M2JjN2M0YzAiOnsiY3JlYXRlIjozMDAwMDAwMDAwMDAsImRlbGV0ZSI6MzAwMDAwMDAwMDAwLCJ1cGRhdGUiOjEyMDAwMDAwMDAwMH19",
          "dependencies": [
            "aws_eip.DemoNAT",
            "aws_nat_gateway.DemoNGW",
            "aws_subnet.DemoPublicSubnetA",
            "aws_vpc.demovpc"
          ]
        }
      ]
    },
    {
      "mode": "managed",
      "type": "aws_route_table",
      "name": "DemoPublicRT",
      "provider": "provider[\"registry.terraform.io/hashicorp/aws\"]",
      "instances": [
        {
          "schema_version": 0,
          "attributes": {
            "arn": "arn:aws:ec2:eu-central-1:343218202221:route-table/rtb-023c095cbc7c98a84",
            "id": "rtb-023c095cbc7c98a84",
            "owner_id": "343218202221",
            "propagating_vgws": [],
            "route": [
              {
                "carrier_gateway_id": "",
                "cidr_block": "0.0.0.0/0",
                "core_network_arn": "",
                "destination_prefix_list_id": "",
                "egress_only_gateway_id": "",
                "gateway_id": "igw-0f0d80aab2e364866",
                "ipv6_cidr_block": "",
                "local_gateway_id": "",
                "nat_gateway_id": "",
                "network_interface_id": "",
                "transit_gateway_id": "",
                "vpc_endpoint_id": "",
                "vpc_peering_connection_id": ""
              }
            ],
            "tags": {
              "Name": "DemoPublicRT"
            },
            "tags_all": {
              "Name": "DemoPublicRT"
            },
            "timeouts": null,
            "vpc_id": "vpc-0a37c4d977f52f2d6"
          },
          "sensitive_attributes": [],
          "private": "eyJlMmJmYjczMC1lY2FhLTExZTYtOGY4OC0zNDM2M2JjN2M0YzAiOnsiY3JlYXRlIjozMDAwMDAwMDAwMDAsImRlbGV0ZSI6MzAwMDAwMDAwMDAwLCJ1cGRhdGUiOjEyMDAwMDAwMDAwMH19",
          "dependencies": [
            "aws_internet_gateway.DemoIGW",
            "aws_vpc.demovpc"
          ]
        }
      ]
    },
    {
      "mode": "managed",
      "type": "aws_route_table_association",
      "name": "DemoPrivateRTAssociationA",
      "provider": "provider[\"registry.terraform.io/hashicorp/aws\"]",
      "instances": [
        {
          "schema_version": 0,
          "attributes": {
            "gateway_id": "",
            "id": "rtbassoc-0428e5e635e22f56f",
            "route_table_id": "rtb-04795f1bcfdea90d4",
            "subnet_id": "subnet-00584496cf4ae6003",
            "timeouts": null
          },
          "sensitive_attributes": [],
          "private": "eyJlMmJmYjczMC1lY2FhLTExZTYtOGY4OC0zNDM2M2JjN2M0YzAiOnsiY3JlYXRlIjozMDAwMDAwMDAwMDAsImRlbGV0ZSI6MzAwMDAwMDAwMDAwLCJ1cGRhdGUiOjEyMDAwMDAwMDAwMH19",
          "dependencies": [
            "aws_eip.DemoNAT",
            "aws_nat_gateway.DemoNGW",
            "aws_route_table.DemoPrivateRT",
            "aws_subnet.DemoPrivateSubnetA",
            "aws_subnet.DemoPublicSubnetA",
            "aws_vpc.demovpc"
          ]
        }
      ]
    },
    {
      "mode": "managed",
      "type": "aws_route_table_association",
      "name": "DemoPrivateRTAssociationB",
      "provider": "provider[\"registry.terraform.io/hashicorp/aws\"]",
      "instances": [
        {
          "schema_version": 0,
          "attributes": {
            "gateway_id": "",
            "id": "rtbassoc-00be1625d5c3a43b7",
            "route_table_id": "rtb-04795f1bcfdea90d4",
            "subnet_id": "subnet-0c896500d93fc82e0",
            "timeouts": null
          },
          "sensitive_attributes": [],
          "private": "eyJlMmJmYjczMC1lY2FhLTExZTYtOGY4OC0zNDM2M2JjN2M0YzAiOnsiY3JlYXRlIjozMDAwMDAwMDAwMDAsImRlbGV0ZSI6MzAwMDAwMDAwMDAwLCJ1cGRhdGUiOjEyMDAwMDAwMDAwMH19",
          "dependencies": [
            "aws_eip.DemoNAT",
            "aws_nat_gateway.DemoNGW",
            "aws_route_table.DemoPrivateRT",
            "aws_subnet.DemoPrivateSubnetB",
            "aws_subnet.DemoPublicSubnetA",
            "aws_vpc.demovpc"
          ]
        }
      ]
    },
    {
      "mode": "managed",
      "type": "aws_route_table_association",
      "name": "DemoPublicRTAssociationA",
      "provider": "provider[\"registry.terraform.io/hashicorp/aws\"]",
      "instances": [
        {
          "schema_version": 0,
          "attributes": {
            "gateway_id": "",
            "id": "rtbassoc-0d9589ab150fcf514",
            "route_table_id": "rtb-023c095cbc7c98a84",
            "subnet_id": "subnet-05e653c962ec70d43",
            "timeouts": null
          },
          "sensitive_attributes": [],
          "private": "eyJlMmJmYjczMC1lY2FhLTExZTYtOGY4OC0zNDM2M2JjN2M0YzAiOnsiY3JlYXRlIjozMDAwMDAwMDAwMDAsImRlbGV0ZSI6MzAwMDAwMDAwMDAwLCJ1cGRhdGUiOjEyMDAwMDAwMDAwMH19",
          "dependencies": [
            "aws_internet_gateway.DemoIGW",
            "aws_route_table.DemoPublicRT",
            "aws_subnet.DemoPublicSubnetA",
            "aws_vpc.demovpc"
          ]
        }
      ]
    },
    {
      "mode": "managed",
      "type": "aws_route_table_association",
      "name": "DemoPublicRTAssociationB",
      "provider": "provider[\"registry.terraform.io/hashicorp/aws\"]",
      "instances": [
        {
          "schema_version": 0,
          "attributes": {
            "gateway_id": "",
            "id": "rtbassoc-05dda420b0d32d107",
            "route_table_id": "rtb-023c095cbc7c98a84",
            "subnet_id": "subnet-0f52d624f1bbf1a7c",
            "timeouts": null
          },
          "sensitive_attributes": [],
          "private": "eyJlMmJmYjczMC1lY2FhLTExZTYtOGY4OC0zNDM2M2JjN2M0YzAiOnsiY3JlYXRlIjozMDAwMDAwMDAwMDAsImRlbGV0ZSI6MzAwMDAwMDAwMDAwLCJ1cGRhdGUiOjEyMDAwMDAwMDAwMH19",
          "dependencies": [
            "aws_internet_gateway.DemoIGW",
            "aws_route_table.DemoPublicRT",
            "aws_subnet.DemoPublicSubnetB",
            "aws_vpc.demovpc"
          ]
        }
      ]
    },
    {
      "mode": "managed",
      "type": "aws_security_group",
      "name": "demo_sg",
      "provider": "provider[\"registry.terraform.io/hashicorp/aws\"]",
      "instances": [
        {
          "schema_version": 1,
          "attributes": {
            "arn": "arn:aws:ec2:eu-central-1:343218202221:security-group/sg-022336469e99ffbd0",
            "description": "Allow inbound and outbound traffic for EC2 instance",
            "egress": [
              {
                "cidr_blocks": [
                  "0.0.0.0/0"
                ],
                "description": "",
                "from_port": 0,
                "ipv6_cidr_blocks": [],
                "prefix_list_ids": [],
                "protocol": "-1",
                "security_groups": [],
                "self": false,
                "to_port": 0
              }
            ],
            "id": "sg-022336469e99ffbd0",
            "ingress": [
              {
                "cidr_blocks": [
                  "0.0.0.0/0"
                ],
                "description": "Allow inbound HTTP",
                "from_port": 80,
                "ipv6_cidr_blocks": [],
                "prefix_list_ids": [],
                "protocol": "tcp",
                "security_groups": [],
                "self": false,
                "to_port": 80
              },
              {
                "cidr_blocks": [
                  "0.0.0.0/0"
                ],
                "description": "Allow inbound SSH",
                "from_port": 22,
                "ipv6_cidr_blocks": [],
                "prefix_list_ids": [],
                "protocol": "tcp",
                "security_groups": [],
                "self": false,
                "to_port": 22
              }
            ],
            "name": "demo-security-group",
            "name_prefix": "",
            "owner_id": "343218202221",
            "revoke_rules_on_delete": false,
            "tags": {
              "Name": "demo-security-group"
            },
            "tags_all": {
              "Name": "demo-security-group"
            },
            "timeouts": null,
            "vpc_id": "vpc-0a37c4d977f52f2d6"
          },
          "sensitive_attributes": [],
          "private": "eyJlMmJmYjczMC1lY2FhLTExZTYtOGY4OC0zNDM2M2JjN2M0YzAiOnsiY3JlYXRlIjo2MDAwMDAwMDAwMDAsImRlbGV0ZSI6OTAwMDAwMDAwMDAwfSwic2NoZW1hX3ZlcnNpb24iOiIxIn0=",
          "dependencies": [
            "aws_vpc.demovpc"
          ]
        }
      ]
    },
    {
      "mode": "managed",
      "type": "aws_security_group",
      "name": "ec2_sg",
      "provider": "provider[\"registry.terraform.io/hashicorp/aws\"]",
      "instances": [
        {
          "schema_version": 1,
          "attributes": {
            "arn": "arn:aws:ec2:eu-central-1:343218202221:security-group/sg-0ce7b87e7bfef0dae",
            "description": "Allow outbound traffic to EC2 from RDS",
            "egress": [
              {
                "cidr_blocks": [],
                "description": "",
                "from_port": 5432,
                "ipv6_cidr_blocks": [],
                "prefix_list_ids": [],
                "protocol": "tcp",
                "security_groups": [
                  "sg-05b820c1eb62e0e26"
                ],
                "self": false,
                "to_port": 5432
              }
            ],
            "id": "sg-0ce7b87e7bfef0dae",
            "ingress": [],
            "name": "ec2-security-group",
            "name_prefix": "",
            "owner_id": "343218202221",
            "revoke_rules_on_delete": false,
            "tags": {
              "Name": "ec2-security-group"
            },
            "tags_all": {
              "Name": "ec2-security-group"
            },
            "timeouts": null,
            "vpc_id": "vpc-0a37c4d977f52f2d6"
          },
          "sensitive_attributes": [],
          "private": "eyJlMmJmYjczMC1lY2FhLTExZTYtOGY4OC0zNDM2M2JjN2M0YzAiOnsiY3JlYXRlIjo2MDAwMDAwMDAwMDAsImRlbGV0ZSI6OTAwMDAwMDAwMDAwfSwic2NoZW1hX3ZlcnNpb24iOiIxIn0=",
          "dependencies": [
            "aws_vpc.demovpc"
          ]
        }
      ]
    },
    {
      "mode": "managed",
      "type": "aws_security_group",
      "name": "rds_sg",
      "provider": "provider[\"registry.terraform.io/hashicorp/aws\"]",
      "instances": [
        {
          "schema_version": 1,
          "attributes": {
            "arn": "arn:aws:ec2:eu-central-1:343218202221:security-group/sg-05b820c1eb62e0e26",
            "description": "Allow inbound traffic to RDS from EC2",
            "egress": [],
            "id": "sg-05b820c1eb62e0e26",
            "ingress": [
              {
                "cidr_blocks": [],
                "description": "",
                "from_port": 5432,
                "ipv6_cidr_blocks": [],
                "prefix_list_ids": [],
                "protocol": "tcp",
                "security_groups": [
                  "sg-0ce7b87e7bfef0dae"
                ],
                "self": false,
                "to_port": 5432
              }
            ],
            "name": "rds-security-group",
            "name_prefix": "",
            "owner_id": "343218202221",
            "revoke_rules_on_delete": false,
            "tags": {
              "Name": "rds-security-group"
            },
            "tags_all": {
              "Name": "rds-security-group"
            },
            "timeouts": null,
            "vpc_id": "vpc-0a37c4d977f52f2d6"
          },
          "sensitive_attributes": [],
          "private": "eyJlMmJmYjczMC1lY2FhLTExZTYtOGY4OC0zNDM2M2JjN2M0YzAiOnsiY3JlYXRlIjo2MDAwMDAwMDAwMDAsImRlbGV0ZSI6OTAwMDAwMDAwMDAwfSwic2NoZW1hX3ZlcnNpb24iOiIxIn0=",
          "dependencies": [
            "aws_vpc.demovpc"
          ]
        }
      ]
    },
    {
      "mode": "managed",
      "type": "aws_security_group_rule",
      "name": "from_ec2_to_rds",
      "provider": "provider[\"registry.terraform.io/hashicorp/aws\"]",
      "instances": [
        {
          "schema_version": 2,
          "attributes": {
            "cidr_blocks": null,
            "description": null,
            "from_port": 5432,
            "id": "sgrule-4261769848",
            "ipv6_cidr_blocks": null,
            "prefix_list_ids": null,
            "protocol": "tcp",
            "security_group_id": "sg-05b820c1eb62e0e26",
            "security_group_rule_id": "sgr-001d9923d460981ba",
            "self": false,
            "source_security_group_id": "sg-0ce7b87e7bfef0dae",
            "timeouts": null,
            "to_port": 5432,
            "type": "ingress"
          },
          "sensitive_attributes": [],
          "private": "eyJlMmJmYjczMC1lY2FhLTExZTYtOGY4OC0zNDM2M2JjN2M0YzAiOnsiY3JlYXRlIjozMDAwMDAwMDAwMDB9LCJzY2hlbWFfdmVyc2lvbiI6IjIifQ==",
          "dependencies": [
            "aws_security_group.ec2_sg",
            "aws_security_group.rds_sg",
            "aws_vpc.demovpc"
          ]
        }
      ]
    },
    {
      "mode": "managed",
      "type": "aws_security_group_rule",
      "name": "from_rds_to_ec2",
      "provider": "provider[\"registry.terraform.io/hashicorp/aws\"]",
      "instances": [
        {
          "schema_version": 2,
          "attributes": {
            "cidr_blocks": null,
            "description": null,
            "from_port": 5432,
            "id": "sgrule-452624308",
            "ipv6_cidr_blocks": null,
            "prefix_list_ids": null,
            "protocol": "tcp",
            "security_group_id": "sg-0ce7b87e7bfef0dae",
            "security_group_rule_id": "sgr-0636bf8fbab7d9ff5",
            "self": false,
            "source_security_group_id": "sg-05b820c1eb62e0e26",
            "timeouts": null,
            "to_port": 5432,
            "type": "egress"
          },
          "sensitive_attributes": [],
          "private": "eyJlMmJmYjczMC1lY2FhLTExZTYtOGY4OC0zNDM2M2JjN2M0YzAiOnsiY3JlYXRlIjozMDAwMDAwMDAwMDB9LCJzY2hlbWFfdmVyc2lvbiI6IjIifQ==",
          "dependencies": [
            "aws_security_group.ec2_sg",
            "aws_security_group.rds_sg",
            "aws_vpc.demovpc"
          ]
        }
      ]
    },
    {
      "mode": "managed",
      "type": "aws_subnet",
      "name": "DemoPrivateSubnetA",
      "provider": "provider[\"registry.terraform.io/hashicorp/aws\"]",
      "instances": [
        {
          "schema_version": 1,
          "attributes": {
            "arn": "arn:aws:ec2:eu-central-1:343218202221:subnet/subnet-00584496cf4ae6003",
            "assign_ipv6_address_on_creation": false,
            "availability_zone": "eu-central-1a",
            "availability_zone_id": "euc1-az2",
            "cidr_block": "10.0.3.0/24",
            "customer_owned_ipv4_pool": "",
            "enable_dns64": false,
            "enable_lni_at_device_index": 0,
            "enable_resource_name_dns_a_record_on_launch": false,
            "enable_resource_name_dns_aaaa_record_on_launch": false,
            "id": "subnet-00584496cf4ae6003",
            "ipv6_cidr_block": "",
            "ipv6_cidr_block_association_id": "",
            "ipv6_native": false,
            "map_customer_owned_ip_on_launch": false,
            "map_public_ip_on_launch": false,
            "outpost_arn": "",
            "owner_id": "343218202221",
            "private_dns_hostname_type_on_launch": "ip-name",
            "tags": {
              "Name": "DemoPrivateSubnetA"
            },
            "tags_all": {
              "Name": "DemoPrivateSubnetA"
            },
            "timeouts": null,
            "vpc_id": "vpc-0a37c4d977f52f2d6"
          },
          "sensitive_attributes": [],
          "private": "eyJlMmJmYjczMC1lY2FhLTExZTYtOGY4OC0zNDM2M2JjN2M0YzAiOnsiY3JlYXRlIjo2MDAwMDAwMDAwMDAsImRlbGV0ZSI6MTIwMDAwMDAwMDAwMH0sInNjaGVtYV92ZXJzaW9uIjoiMSJ9",
          "dependencies": [
            "aws_vpc.demovpc"
          ]
        }
      ]
    },
    {
      "mode": "managed",
      "type": "aws_subnet",
      "name": "DemoPrivateSubnetB",
      "provider": "provider[\"registry.terraform.io/hashicorp/aws\"]",
      "instances": [
        {
          "schema_version": 1,
          "attributes": {
            "arn": "arn:aws:ec2:eu-central-1:343218202221:subnet/subnet-0c896500d93fc82e0",
            "assign_ipv6_address_on_creation": false,
            "availability_zone": "eu-central-1b",
            "availability_zone_id": "euc1-az3",
            "cidr_block": "10.0.4.0/24",
            "customer_owned_ipv4_pool": "",
            "enable_dns64": false,
            "enable_lni_at_device_index": 0,
            "enable_resource_name_dns_a_record_on_launch": false,
            "enable_resource_name_dns_aaaa_record_on_launch": false,
            "id": "subnet-0c896500d93fc82e0",
            "ipv6_cidr_block": "",
            "ipv6_cidr_block_association_id": "",
            "ipv6_native": false,
            "map_customer_owned_ip_on_launch": false,
            "map_public_ip_on_launch": false,
            "outpost_arn": "",
            "owner_id": "343218202221",
            "private_dns_hostname_type_on_launch": "ip-name",
            "tags": {
              "Name": "DemoPrivateSubnetB"
            },
            "tags_all": {
              "Name": "DemoPrivateSubnetB"
            },
            "timeouts": null,
            "vpc_id": "vpc-0a37c4d977f52f2d6"
          },
          "sensitive_attributes": [],
          "private": "eyJlMmJmYjczMC1lY2FhLTExZTYtOGY4OC0zNDM2M2JjN2M0YzAiOnsiY3JlYXRlIjo2MDAwMDAwMDAwMDAsImRlbGV0ZSI6MTIwMDAwMDAwMDAwMH0sInNjaGVtYV92ZXJzaW9uIjoiMSJ9",
          "dependencies": [
            "aws_vpc.demovpc"
          ]
        }
      ]
    },
    {
      "mode": "managed",
      "type": "aws_subnet",
      "name": "DemoPublicSubnetA",
      "provider": "provider[\"registry.terraform.io/hashicorp/aws\"]",
      "instances": [
        {
          "schema_version": 1,
          "attributes": {
            "arn": "arn:aws:ec2:eu-central-1:343218202221:subnet/subnet-05e653c962ec70d43",
            "assign_ipv6_address_on_creation": false,
            "availability_zone": "eu-central-1a",
            "availability_zone_id": "euc1-az2",
            "cidr_block": "10.0.1.0/24",
            "customer_owned_ipv4_pool": "",
            "enable_dns64": false,
            "enable_lni_at_device_index": 0,
            "enable_resource_name_dns_a_record_on_launch": false,
            "enable_resource_name_dns_aaaa_record_on_launch": false,
            "id": "subnet-05e653c962ec70d43",
            "ipv6_cidr_block": "",
            "ipv6_cidr_block_association_id": "",
            "ipv6_native": false,
            "map_customer_owned_ip_on_launch": false,
            "map_public_ip_on_launch": false,
            "outpost_arn": "",
            "owner_id": "343218202221",
            "private_dns_hostname_type_on_launch": "ip-name",
            "tags": {
              "Name": "DemoPublicSubnetA"
            },
            "tags_all": {
              "Name": "DemoPublicSubnetA"
            },
            "timeouts": null,
            "vpc_id": "vpc-0a37c4d977f52f2d6"
          },
          "sensitive_attributes": [],
          "private": "eyJlMmJmYjczMC1lY2FhLTExZTYtOGY4OC0zNDM2M2JjN2M0YzAiOnsiY3JlYXRlIjo2MDAwMDAwMDAwMDAsImRlbGV0ZSI6MTIwMDAwMDAwMDAwMH0sInNjaGVtYV92ZXJzaW9uIjoiMSJ9",
          "dependencies": [
            "aws_vpc.demovpc"
          ]
        }
      ]
    },
    {
      "mode": "managed",
      "type": "aws_subnet",
      "name": "DemoPublicSubnetB",
      "provider": "provider[\"registry.terraform.io/hashicorp/aws\"]",
      "instances": [
        {
          "schema_version": 1,
          "attributes": {
            "arn": "arn:aws:ec2:eu-central-1:343218202221:subnet/subnet-0f52d624f1bbf1a7c",
            "assign_ipv6_address_on_creation": false,
            "availability_zone": "eu-central-1b",
            "availability_zone_id": "euc1-az3",
            "cidr_block": "10.0.2.0/24",
            "customer_owned_ipv4_pool": "",
            "enable_dns64": false,
            "enable_lni_at_device_index": 0,
            "enable_resource_name_dns_a_record_on_launch": false,
            "enable_resource_name_dns_aaaa_record_on_launch": false,
            "id": "subnet-0f52d624f1bbf1a7c",
            "ipv6_cidr_block": "",
            "ipv6_cidr_block_association_id": "",
            "ipv6_native": false,
            "map_customer_owned_ip_on_launch": false,
            "map_public_ip_on_launch": false,
            "outpost_arn": "",
            "owner_id": "343218202221",
            "private_dns_hostname_type_on_launch": "ip-name",
            "tags": {
              "Name": "DemoPublicSubnetB"
            },
            "tags_all": {
              "Name": "DemoPublicSubnetB"
            },
            "timeouts": null,
            "vpc_id": "vpc-0a37c4d977f52f2d6"
          },
          "sensitive_attributes": [],
          "private": "eyJlMmJmYjczMC1lY2FhLTExZTYtOGY4OC0zNDM2M2JjN2M0YzAiOnsiY3JlYXRlIjo2MDAwMDAwMDAwMDAsImRlbGV0ZSI6MTIwMDAwMDAwMDAwMH0sInNjaGVtYV92ZXJzaW9uIjoiMSJ9",
          "dependencies": [
            "aws_vpc.demovpc"
          ]
        }
      ]
    },
    {
      "mode": "managed",
      "type": "aws_vpc",
      "name": "demovpc",
      "provider": "provider[\"registry.terraform.io/hashicorp/aws\"]",
      "instances": [
        {
          "schema_version": 1,
          "attributes": {
            "arn": "arn:aws:ec2:eu-central-1:343218202221:vpc/vpc-0a37c4d977f52f2d6",
            "assign_generated_ipv6_cidr_block": false,
            "cidr_block": "10.0.0.0/16",
            "default_network_acl_id": "acl-0540606623267dcbe",
            "default_route_table_id": "rtb-0af22d0b708097002",
            "default_security_group_id": "sg-0ea05662bf1aebebb",
            "dhcp_options_id": "dopt-09579550a09fd8744",
            "enable_dns_hostnames": false,
            "enable_dns_support": true,
            "enable_network_address_usage_metrics": false,
            "id": "vpc-0a37c4d977f52f2d6",
            "instance_tenancy": "default",
            "ipv4_ipam_pool_id": null,
            "ipv4_netmask_length": null,
            "ipv6_association_id": "",
            "ipv6_cidr_block": "",
            "ipv6_cidr_block_network_border_group": "",
            "ipv6_ipam_pool_id": "",
            "ipv6_netmask_length": 0,
            "main_route_table_id": "rtb-0af22d0b708097002",
            "owner_id": "343218202221",
            "tags": {
              "Name": "DemoVPC"
            },
            "tags_all": {
              "Name": "DemoVPC"
            }
          },
          "sensitive_attributes": [],
          "private": "eyJzY2hlbWFfdmVyc2lvbiI6IjEifQ=="
        }
      ]
    },
    {
      "mode": "managed",
      "type": "local_file",
      "name": "demo_private_key",
      "provider": "provider[\"registry.terraform.io/hashicorp/local\"]",
      "instances": [
        {
          "schema_version": 0,
          "attributes": {
            "content": "-----BEGIN RSA PRIVATE KEY-----\nMIIJKQIBAAKCAgEAyV+JZQ8ponMzHixZuadfDByg/xLJXX8PkCk6pihroa3MeEI2\niEZ9CU0n/WVwsy2pZDm/2xNDwgiBjVIjVULPiyc5rV+KWay4ZJxpatyhk94oTybg\neyaLsjiJaPBsup0K11pjF2x6qxeTlL0Rb4zAsYfvYfrZLiaWQiKIMWiUzB83DiUq\nVFHUYHBwhIT9Us5m12bxrpzbctyr9LN87qAGLNdEPXopYd9I1ooh8dRA3YDNWei2\nNFZpekPLekxL4Z90aG3yisABiCfhzWZbIcMfeN0YzWC/U3FSDtxpSkDXH067ciJ7\neYi7HgnPypw46xa9sros0olaXOyNjk9bn1Wu2+HccNdlS6MiD6VsuOFSSwkNtazg\nlQ63ZoUVwSO4uSPMwm6fXiJ3fhMjNLOc/ZfW1ECwHSExscYtH6twmwU0sWfUTecu\n8Vz8WqU7KqgLxF+K46GwmMyjswYMqu6x/zwCP0XAg4VN1/YgG/a5k53EobTu9h6a\nNcVQoUcOp4dIBhIx0OmyxHImOilEwVFCaOHFQOsi1MsD9+hv7BtkCch4URLChFE7\nYnNvXs90nQOMWc9Byw65SEgv2KEPfb5XUPT1TwmMUIbosB626fs2hWFFTDUy2sz9\nd2d3h0xErddg58ldHo1RYITXyslRtj3j7PF2V/AombTJwSZYZQF0J8VhJ/0CAwEA\nAQKCAgA+/7OFOUwmNXIdk3Ryn4kdyesYQbFbnb+psyxVBTo+95eLW/OhiKPfgBLt\ntImglL10zJhYGlvNXUnig3roVqGFgD0MH2KyEVYSq9hTBTlLgGoN8TSzcmir1gIv\nIWBytWTJ4M41asupsROLqebFhjxWjhd3CLpfNNU3VYRUKMq8XVulAj2O6ZbOoP6i\nhtSVzlrgMqWToiEJez4UrP59zPSBnMsNjKVbqDYqYEakWGn+oigcY7B1CT+wb3s+\nBJaMvIz3isYhYFZaWVfMIaSLGHdFIa57ujPBECfC3HPYNhbXBZOg7mbAq+UWTa2D\nToKEEbZBLvuM1km93oeeqPcaDv1H4GxQ9NPtbq1P4tvHuzI9DP4EVtOy2Kegtczf\nASqrqXWHnq5kfTE9SnpYfUpLtOY80NTr2suFohg9G0Tq45qe6wvfZvhlgrORZU0T\nVagvqRtewjE0paIONqnPukVcv4uQHCJdnUUg3eRlutZ+dAzV3R4vchaLSYg8HHV7\nV0/anZ848om27Zs7CVeIBbCoMEUPTtOKxvw5FOL0VP3bxCabsCbSoQTP9f9/EcqI\neQ0YDypLmA9AVNjdHpjWH6Sbwz5MT82NI6Ni9I7rV3NdUErI/IWDz6n98GW6hnef\nLtTuHJF7+tSI12iAV/O7KhvgDxSPxOAjH8wB/qJwMGabwzP2JQKCAQEAz6TkT6gl\n6ki9yNfG3HSy5y3yUZXLtuHhMjg30g+swaVh+Cnj+WbF7yOO/hO6Yif4Mov9q424\nLw9V/66hUzzbzXmivCgNi7d6oHHhgAObg6ipBV0OFSxkiH4ttl3wLfHwpm2cwzQ+\nmyYZU6FOpUlGpujxzibHksaJ/0efrgLjlbgXKgBUaBei6KlVwIzrxJclzJMFVtYa\naKCtUx6nlVuBQCGwHlEzHEt2TIVJgDDp/0mpgmF3dbNfvu9zrs6B9WpMuA50wZs7\nFIo6A9JDecvfWvIcT7rJiDKs8kfIA/96ngc0qnrUAaKLUoAAvsdY3BF3VZw4FIIJ\nkcARY4nqXtZ1nwKCAQEA+ETKtWbKhFYJAPuMO83ldIFj1A5YkLoMDfXi8V9e6gLn\nfvYxaOjVQu5RMjLo2KNjdv04cpB0O3u+A+IpiPH/NdtuUDmjsDFVU3rA5nYlBaYf\nhYPQjYEfXAGnqKnf6+khY7KFq/ph5HTW7ugoRWRR8/1YNEH4BEW44LLEttTPz4WR\nUnyEcyl3EaC1reSGYSaR1mUJ0bYsfyW4a99WtmKsQNK2jySoMc0uB6DZOws2hgKo\n5EvTBL1mUslj3cf4V1TGiMGbrYXPvRNBMtqAqbrcWTdwGZ/0U14jVGE9S/sxJJkk\nzbFh2UHP2KiKjysI/YaNzcEo2mnIDc2xo2YcdwOk4wKCAQAKj2NBHdcXzC1Cup6V\ndaXnlfGd7pVWrrQqPquwFjX9/zA1U8QRWgW0/MT37P7soQXBZFc5U1LLqecAwtvX\nhN/U2lvJX+wYb/Nfl4sVXJmbH4fBCxN9Ri2yt2ARx0NAwu4vOKHhV5XbhBuDok+C\nnnBmarBpgJVjxI8eGYFocyMp6RvcefnQ9WrGlF4VFdWjwOAeQFfkK61aJtnJwWRa\ndzXikhQH5q9HwBq7F4g+ab5syk1BoT1XEhFLf5gNitkXJxnRvoJ3mjJt//2lVhsy\nZYjtciS4dVJsh8893yKv+V0+DjXCec6wapjVUEc5bJ/7STQdeX1spZRhAjigLFJs\nElIXAoIBAQDSoQJdjnzIc3mmFMPvxQojotbABP/MoZsyiObmIySSYq5mP5bBy6+K\n3keS0DBOA6iSPdkTEU0bXitifhEA91avKaBYfd5K0D/02BMqMxfLyBm8G43nT6H8\nXAcTCDRKoHpMbBwOQRmmSh5DiEEKRkdlOg4IH+O8NC7aq7BK8Rfxlv8ovS1dytMS\n6IbapiP/7koSW5xOCEGOCcGB+3REvkgnot1xagcsYUfo/uTtu+ChJ0aEkXPQ9KMI\nH4YTleEyrmDVi3R5bipF3j0VWN2JolfpdSgtBVCzHg3ZO7pWaSFTTH416IT8XmJp\nDOyo9DjnZq2N34+6Zb5tP5Ky7yG9MyFDAoIBAQDBj0NvQimfklPFsHdGHhYNneo/\nTz5yDEh2WwFW4MUtMsaoXptDkDHvsk3Ec7nbK5s+NPNlZwefLupVfORNfeFs4Tk6\nXU9I+3tZ33L/XWWl2UglZD1y8syW4dNY+/9JGgmgeHXH1x8Be53btdHrw1O0n8TW\nM2DF94oGr5YPtIlr4Ktk4sorFrFTWiFqLjFrCTA+agCT2bCxTY/4VCt7/EbO/khI\nBD2Wn6R+CCpKcuzpK9aQuJRFAhnEEjjX1UL2WAZDiRmoWCg/6ZHyjki5V2nIRcYY\nF3uBmND1L4lxWhvxyMuSZxV4ig/lTdFWVNpxqiYkDzMkoXpVGlQiz/eSUlmB\n-----END RSA PRIVATE KEY-----\n",
            "content_base64": null,
            "content_base64sha256": "eyMCieMnABJsONaLBsPrhuUwA/aIVwH/Ft6dVTbI6z4=",
            "content_base64sha512": "zpc8dkz+PW4VdTqWwqLhqZB7WqOlnXKvNZGayJUljJELz3xJ9wgTfX/chS1ymIj4lez5rFFsvAUsKjvls+myvg==",
            "content_md5": "be16bf2e0a4afbab891adb20811f1a3a",
            "content_sha1": "1544a75887ebce76a4b428b208707e1b9c03db1b",
            "content_sha256": "7b230289e32700126c38d68b06c3eb86e53003f6885701ff16de9d5536c8eb3e",
            "content_sha512": "ce973c764cfe3d6e15753a96c2a2e1a9907b5aa3a59d72af35919ac895258c910bcf7c49f708137d7fdc852d729888f895ecf9ac516cbc052c2a3be5b3e9b2be",
            "directory_permission": "0777",
            "file_permission": "0400",
            "filename": "demo-key.pem",
            "id": "1544a75887ebce76a4b428b208707e1b9c03db1b",
            "sensitive_content": null,
            "source": null
          },
          "sensitive_attributes": [
            [
              {
                "type": "get_attr",
                "value": "content"
              }
            ],
            [
              {
                "type": "get_attr",
                "value": "sensitive_content"
              }
            ]
          ],
          "dependencies": [
            "tls_private_key.demo_private_key"
          ]
        }
      ]
    },
    {
      "mode": "managed",
      "type": "tls_private_key",
      "name": "demo_private_key",
      "provider": "provider[\"registry.terraform.io/hashicorp/tls\"]",
      "instances": [
        {
          "schema_version": 1,
          "attributes": {
            "algorithm": "RSA",
            "ecdsa_curve": "P224",
            "id": "2124cb9d97f9f72cfe5aba963c8a07c0d23e9e0f",
            "private_key_openssh": "-----BEGIN OPENSSH PRIVATE KEY-----\nb3BlbnNzaC1rZXktdjEAAAAABG5vbmUAAAAEbm9uZQAAAAAAAAABAAACFwAAAAdz\nc2gtcnNhAAAAAwEAAQAAAgEAyV+JZQ8ponMzHixZuadfDByg/xLJXX8PkCk6pihr\noa3MeEI2iEZ9CU0n/WVwsy2pZDm/2xNDwgiBjVIjVULPiyc5rV+KWay4ZJxpatyh\nk94oTybgeyaLsjiJaPBsup0K11pjF2x6qxeTlL0Rb4zAsYfvYfrZLiaWQiKIMWiU\nzB83DiUqVFHUYHBwhIT9Us5m12bxrpzbctyr9LN87qAGLNdEPXopYd9I1ooh8dRA\n3YDNWei2NFZpekPLekxL4Z90aG3yisABiCfhzWZbIcMfeN0YzWC/U3FSDtxpSkDX\nH067ciJ7eYi7HgnPypw46xa9sros0olaXOyNjk9bn1Wu2+HccNdlS6MiD6VsuOFS\nSwkNtazglQ63ZoUVwSO4uSPMwm6fXiJ3fhMjNLOc/ZfW1ECwHSExscYtH6twmwU0\nsWfUTecu8Vz8WqU7KqgLxF+K46GwmMyjswYMqu6x/zwCP0XAg4VN1/YgG/a5k53E\nobTu9h6aNcVQoUcOp4dIBhIx0OmyxHImOilEwVFCaOHFQOsi1MsD9+hv7BtkCch4\nURLChFE7YnNvXs90nQOMWc9Byw65SEgv2KEPfb5XUPT1TwmMUIbosB626fs2hWFF\nTDUy2sz9d2d3h0xErddg58ldHo1RYITXyslRtj3j7PF2V/AombTJwSZYZQF0J8Vh\nJ/0AAAc4QO4okUDuKJEAAAAHc3NoLXJzYQAAAgEAyV+JZQ8ponMzHixZuadfDByg\n/xLJXX8PkCk6pihroa3MeEI2iEZ9CU0n/WVwsy2pZDm/2xNDwgiBjVIjVULPiyc5\nrV+KWay4ZJxpatyhk94oTybgeyaLsjiJaPBsup0K11pjF2x6qxeTlL0Rb4zAsYfv\nYfrZLiaWQiKIMWiUzB83DiUqVFHUYHBwhIT9Us5m12bxrpzbctyr9LN87qAGLNdE\nPXopYd9I1ooh8dRA3YDNWei2NFZpekPLekxL4Z90aG3yisABiCfhzWZbIcMfeN0Y\nzWC/U3FSDtxpSkDXH067ciJ7eYi7HgnPypw46xa9sros0olaXOyNjk9bn1Wu2+Hc\ncNdlS6MiD6VsuOFSSwkNtazglQ63ZoUVwSO4uSPMwm6fXiJ3fhMjNLOc/ZfW1ECw\nHSExscYtH6twmwU0sWfUTecu8Vz8WqU7KqgLxF+K46GwmMyjswYMqu6x/zwCP0XA\ng4VN1/YgG/a5k53EobTu9h6aNcVQoUcOp4dIBhIx0OmyxHImOilEwVFCaOHFQOsi\n1MsD9+hv7BtkCch4URLChFE7YnNvXs90nQOMWc9Byw65SEgv2KEPfb5XUPT1TwmM\nUIbosB626fs2hWFFTDUy2sz9d2d3h0xErddg58ldHo1RYITXyslRtj3j7PF2V/Ao\nmbTJwSZYZQF0J8VhJ/0AAAADAQABAAACAD7/s4U5TCY1ch2TdHKfiR3J6xhBsVud\nv6mzLFUFOj73l4tb86GIo9+AEu20iaCUvXTMmFgaW81dSeKDeuhWoYWAPQwfYrIR\nVhKr2FMFOUuAag3xNLNyaKvWAi8hYHK1ZMngzjVqy6mxE4up5sWGPFaOF3cIul80\n1TdVhFQoyrxdW6UCPY7pls6g/qKG1JXOWuAypZOiIQl7PhSs/n3M9IGcyw2MpVuo\nNipgRqRYaf6iKBxjsHUJP7Bvez4Eloy8jPeKxiFgVlpZV8whpIsYd0Uhrnu6M8EQ\nJ8Lcc9g2FtcFk6DuZsCr5RZNrYNOgoQRtkEu+4zWSb3eh56o9xoO/UfgbFD00+1u\nrU/i28e7Mj0M/gRW07LYp6C1zN8BKqupdYeermR9MT1Kelh9Sku05jzQ1Ovay4Wi\nGD0bROrjmp7rC99m+GWCs5FlTRNVqC+pG17CMTSlog42qc+6RVy/i5AcIl2dRSDd\n5GW61n50DNXdHi9yFotJiDwcdXtXT9qdnzjyibbtmzsJV4gFsKgwRQ9O04rG/DkU\n4vRU/dvEJpuwJtKhBM/1/38Ryoh5DRgPKkuYD0BU2N0emNYfpJvDPkxPzY0jo2L0\njutXc11QSsj8hYPPqf3wZbqGd58u1O4ckXv61IjXaIBX87sqG+APFI/E4CMfzAH+\nonAwZpvDM/YlAAABAQDBj0NvQimfklPFsHdGHhYNneo/Tz5yDEh2WwFW4MUtMsao\nXptDkDHvsk3Ec7nbK5s+NPNlZwefLupVfORNfeFs4Tk6XU9I+3tZ33L/XWWl2Ugl\nZD1y8syW4dNY+/9JGgmgeHXH1x8Be53btdHrw1O0n8TWM2DF94oGr5YPtIlr4Ktk\n4sorFrFTWiFqLjFrCTA+agCT2bCxTY/4VCt7/EbO/khIBD2Wn6R+CCpKcuzpK9aQ\nuJRFAhnEEjjX1UL2WAZDiRmoWCg/6ZHyjki5V2nIRcYYF3uBmND1L4lxWhvxyMuS\nZxV4ig/lTdFWVNpxqiYkDzMkoXpVGlQiz/eSUlmBAAABAQDPpORPqCXqSL3I18bc\ndLLnLfJRlcu24eEyODfSD6zBpWH4KeP5ZsXvI47+E7piJ/gyi/2rjbgvD1X/rqFT\nPNvNeaK8KA2Lt3qgceGAA5uDqKkFXQ4VLGSIfi22XfAt8fCmbZzDND6bJhlToU6l\nSUam6PHOJseSxon/R5+uAuOVuBcqAFRoF6LoqVXAjOvElyXMkwVW1hpooK1THqeV\nW4FAIbAeUTMcS3ZMhUmAMOn/SamCYXd1s1++73OuzoH1aky4DnTBmzsUijoD0kN5\ny99a8hxPusmIMqzyR8gD/3qeBzSqetQBootSgAC+x1jcEXdVnDgUggmRwBFjiepe\n1nWfAAABAQD4RMq1ZsqEVgkA+4w7zeV0gWPUDliQugwN9eLxX17qAud+9jFo6NVC\n7lEyMujYo2N2/ThykHQ7e74D4imI8f81225QOaOwMVVTesDmdiUFph+Fg9CNgR9c\nAaeoqd/r6SFjsoWr+mHkdNbu6ChFZFHz/Vg0QfgERbjgssS21M/PhZFSfIRzKXcR\noLWt5IZhJpHWZQnRtix/Jbhr31a2YqxA0raPJKgxzS4HoNk7CzaGAqjkS9MEvWZS\nyWPdx/hXVMaIwZuthc+9E0Ey2oCputxZN3AZn/RTXiNUYT1L+zEkmSTNsWHZQc/Y\nqIqPKwj9ho3NwSjaacgNzbGjZhx3A6TjAAAAAAEC\n-----END OPENSSH PRIVATE KEY-----\n",
            "private_key_pem": "-----BEGIN RSA PRIVATE KEY-----\nMIIJKQIBAAKCAgEAyV+JZQ8ponMzHixZuadfDByg/xLJXX8PkCk6pihroa3MeEI2\niEZ9CU0n/WVwsy2pZDm/2xNDwgiBjVIjVULPiyc5rV+KWay4ZJxpatyhk94oTybg\neyaLsjiJaPBsup0K11pjF2x6qxeTlL0Rb4zAsYfvYfrZLiaWQiKIMWiUzB83DiUq\nVFHUYHBwhIT9Us5m12bxrpzbctyr9LN87qAGLNdEPXopYd9I1ooh8dRA3YDNWei2\nNFZpekPLekxL4Z90aG3yisABiCfhzWZbIcMfeN0YzWC/U3FSDtxpSkDXH067ciJ7\neYi7HgnPypw46xa9sros0olaXOyNjk9bn1Wu2+HccNdlS6MiD6VsuOFSSwkNtazg\nlQ63ZoUVwSO4uSPMwm6fXiJ3fhMjNLOc/ZfW1ECwHSExscYtH6twmwU0sWfUTecu\n8Vz8WqU7KqgLxF+K46GwmMyjswYMqu6x/zwCP0XAg4VN1/YgG/a5k53EobTu9h6a\nNcVQoUcOp4dIBhIx0OmyxHImOilEwVFCaOHFQOsi1MsD9+hv7BtkCch4URLChFE7\nYnNvXs90nQOMWc9Byw65SEgv2KEPfb5XUPT1TwmMUIbosB626fs2hWFFTDUy2sz9\nd2d3h0xErddg58ldHo1RYITXyslRtj3j7PF2V/AombTJwSZYZQF0J8VhJ/0CAwEA\nAQKCAgA+/7OFOUwmNXIdk3Ryn4kdyesYQbFbnb+psyxVBTo+95eLW/OhiKPfgBLt\ntImglL10zJhYGlvNXUnig3roVqGFgD0MH2KyEVYSq9hTBTlLgGoN8TSzcmir1gIv\nIWBytWTJ4M41asupsROLqebFhjxWjhd3CLpfNNU3VYRUKMq8XVulAj2O6ZbOoP6i\nhtSVzlrgMqWToiEJez4UrP59zPSBnMsNjKVbqDYqYEakWGn+oigcY7B1CT+wb3s+\nBJaMvIz3isYhYFZaWVfMIaSLGHdFIa57ujPBECfC3HPYNhbXBZOg7mbAq+UWTa2D\nToKEEbZBLvuM1km93oeeqPcaDv1H4GxQ9NPtbq1P4tvHuzI9DP4EVtOy2Kegtczf\nASqrqXWHnq5kfTE9SnpYfUpLtOY80NTr2suFohg9G0Tq45qe6wvfZvhlgrORZU0T\nVagvqRtewjE0paIONqnPukVcv4uQHCJdnUUg3eRlutZ+dAzV3R4vchaLSYg8HHV7\nV0/anZ848om27Zs7CVeIBbCoMEUPTtOKxvw5FOL0VP3bxCabsCbSoQTP9f9/EcqI\neQ0YDypLmA9AVNjdHpjWH6Sbwz5MT82NI6Ni9I7rV3NdUErI/IWDz6n98GW6hnef\nLtTuHJF7+tSI12iAV/O7KhvgDxSPxOAjH8wB/qJwMGabwzP2JQKCAQEAz6TkT6gl\n6ki9yNfG3HSy5y3yUZXLtuHhMjg30g+swaVh+Cnj+WbF7yOO/hO6Yif4Mov9q424\nLw9V/66hUzzbzXmivCgNi7d6oHHhgAObg6ipBV0OFSxkiH4ttl3wLfHwpm2cwzQ+\nmyYZU6FOpUlGpujxzibHksaJ/0efrgLjlbgXKgBUaBei6KlVwIzrxJclzJMFVtYa\naKCtUx6nlVuBQCGwHlEzHEt2TIVJgDDp/0mpgmF3dbNfvu9zrs6B9WpMuA50wZs7\nFIo6A9JDecvfWvIcT7rJiDKs8kfIA/96ngc0qnrUAaKLUoAAvsdY3BF3VZw4FIIJ\nkcARY4nqXtZ1nwKCAQEA+ETKtWbKhFYJAPuMO83ldIFj1A5YkLoMDfXi8V9e6gLn\nfvYxaOjVQu5RMjLo2KNjdv04cpB0O3u+A+IpiPH/NdtuUDmjsDFVU3rA5nYlBaYf\nhYPQjYEfXAGnqKnf6+khY7KFq/ph5HTW7ugoRWRR8/1YNEH4BEW44LLEttTPz4WR\nUnyEcyl3EaC1reSGYSaR1mUJ0bYsfyW4a99WtmKsQNK2jySoMc0uB6DZOws2hgKo\n5EvTBL1mUslj3cf4V1TGiMGbrYXPvRNBMtqAqbrcWTdwGZ/0U14jVGE9S/sxJJkk\nzbFh2UHP2KiKjysI/YaNzcEo2mnIDc2xo2YcdwOk4wKCAQAKj2NBHdcXzC1Cup6V\ndaXnlfGd7pVWrrQqPquwFjX9/zA1U8QRWgW0/MT37P7soQXBZFc5U1LLqecAwtvX\nhN/U2lvJX+wYb/Nfl4sVXJmbH4fBCxN9Ri2yt2ARx0NAwu4vOKHhV5XbhBuDok+C\nnnBmarBpgJVjxI8eGYFocyMp6RvcefnQ9WrGlF4VFdWjwOAeQFfkK61aJtnJwWRa\ndzXikhQH5q9HwBq7F4g+ab5syk1BoT1XEhFLf5gNitkXJxnRvoJ3mjJt//2lVhsy\nZYjtciS4dVJsh8893yKv+V0+DjXCec6wapjVUEc5bJ/7STQdeX1spZRhAjigLFJs\nElIXAoIBAQDSoQJdjnzIc3mmFMPvxQojotbABP/MoZsyiObmIySSYq5mP5bBy6+K\n3keS0DBOA6iSPdkTEU0bXitifhEA91avKaBYfd5K0D/02BMqMxfLyBm8G43nT6H8\nXAcTCDRKoHpMbBwOQRmmSh5DiEEKRkdlOg4IH+O8NC7aq7BK8Rfxlv8ovS1dytMS\n6IbapiP/7koSW5xOCEGOCcGB+3REvkgnot1xagcsYUfo/uTtu+ChJ0aEkXPQ9KMI\nH4YTleEyrmDVi3R5bipF3j0VWN2JolfpdSgtBVCzHg3ZO7pWaSFTTH416IT8XmJp\nDOyo9DjnZq2N34+6Zb5tP5Ky7yG9MyFDAoIBAQDBj0NvQimfklPFsHdGHhYNneo/\nTz5yDEh2WwFW4MUtMsaoXptDkDHvsk3Ec7nbK5s+NPNlZwefLupVfORNfeFs4Tk6\nXU9I+3tZ33L/XWWl2UglZD1y8syW4dNY+/9JGgmgeHXH1x8Be53btdHrw1O0n8TW\nM2DF94oGr5YPtIlr4Ktk4sorFrFTWiFqLjFrCTA+agCT2bCxTY/4VCt7/EbO/khI\nBD2Wn6R+CCpKcuzpK9aQuJRFAhnEEjjX1UL2WAZDiRmoWCg/6ZHyjki5V2nIRcYY\nF3uBmND1L4lxWhvxyMuSZxV4ig/lTdFWVNpxqiYkDzMkoXpVGlQiz/eSUlmB\n-----END RSA PRIVATE KEY-----\n",
            "private_key_pem_pkcs8": "-----BEGIN PRIVATE KEY-----\nMIIJQwIBADANBgkqhkiG9w0BAQEFAASCCS0wggkpAgEAAoICAQDJX4llDymiczMe\nLFm5p18MHKD/Esldfw+QKTqmKGuhrcx4QjaIRn0JTSf9ZXCzLalkOb/bE0PCCIGN\nUiNVQs+LJzmtX4pZrLhknGlq3KGT3ihPJuB7JouyOIlo8Gy6nQrXWmMXbHqrF5OU\nvRFvjMCxh+9h+tkuJpZCIogxaJTMHzcOJSpUUdRgcHCEhP1SzmbXZvGunNty3Kv0\ns3zuoAYs10Q9eilh30jWiiHx1EDdgM1Z6LY0Vml6Q8t6TEvhn3RobfKKwAGIJ+HN\nZlshwx943RjNYL9TcVIO3GlKQNcfTrtyInt5iLseCc/KnDjrFr2yuizSiVpc7I2O\nT1ufVa7b4dxw12VLoyIPpWy44VJLCQ21rOCVDrdmhRXBI7i5I8zCbp9eInd+EyM0\ns5z9l9bUQLAdITGxxi0fq3CbBTSxZ9RN5y7xXPxapTsqqAvEX4rjobCYzKOzBgyq\n7rH/PAI/RcCDhU3X9iAb9rmTncShtO72Hpo1xVChRw6nh0gGEjHQ6bLEciY6KUTB\nUUJo4cVA6yLUywP36G/sG2QJyHhREsKEUTtic29ez3SdA4xZz0HLDrlISC/YoQ99\nvldQ9PVPCYxQhuiwHrbp+zaFYUVMNTLazP13Z3eHTESt12DnyV0ejVFghNfKyVG2\nPePs8XZX8CiZtMnBJlhlAXQnxWEn/QIDAQABAoICAD7/s4U5TCY1ch2TdHKfiR3J\n6xhBsVudv6mzLFUFOj73l4tb86GIo9+AEu20iaCUvXTMmFgaW81dSeKDeuhWoYWA\nPQwfYrIRVhKr2FMFOUuAag3xNLNyaKvWAi8hYHK1ZMngzjVqy6mxE4up5sWGPFaO\nF3cIul801TdVhFQoyrxdW6UCPY7pls6g/qKG1JXOWuAypZOiIQl7PhSs/n3M9IGc\nyw2MpVuoNipgRqRYaf6iKBxjsHUJP7Bvez4Eloy8jPeKxiFgVlpZV8whpIsYd0Uh\nrnu6M8EQJ8Lcc9g2FtcFk6DuZsCr5RZNrYNOgoQRtkEu+4zWSb3eh56o9xoO/Ufg\nbFD00+1urU/i28e7Mj0M/gRW07LYp6C1zN8BKqupdYeermR9MT1Kelh9Sku05jzQ\n1Ovay4WiGD0bROrjmp7rC99m+GWCs5FlTRNVqC+pG17CMTSlog42qc+6RVy/i5Ac\nIl2dRSDd5GW61n50DNXdHi9yFotJiDwcdXtXT9qdnzjyibbtmzsJV4gFsKgwRQ9O\n04rG/DkU4vRU/dvEJpuwJtKhBM/1/38Ryoh5DRgPKkuYD0BU2N0emNYfpJvDPkxP\nzY0jo2L0jutXc11QSsj8hYPPqf3wZbqGd58u1O4ckXv61IjXaIBX87sqG+APFI/E\n4CMfzAH+onAwZpvDM/YlAoIBAQDPpORPqCXqSL3I18bcdLLnLfJRlcu24eEyODfS\nD6zBpWH4KeP5ZsXvI47+E7piJ/gyi/2rjbgvD1X/rqFTPNvNeaK8KA2Lt3qgceGA\nA5uDqKkFXQ4VLGSIfi22XfAt8fCmbZzDND6bJhlToU6lSUam6PHOJseSxon/R5+u\nAuOVuBcqAFRoF6LoqVXAjOvElyXMkwVW1hpooK1THqeVW4FAIbAeUTMcS3ZMhUmA\nMOn/SamCYXd1s1++73OuzoH1aky4DnTBmzsUijoD0kN5y99a8hxPusmIMqzyR8gD\n/3qeBzSqetQBootSgAC+x1jcEXdVnDgUggmRwBFjiepe1nWfAoIBAQD4RMq1ZsqE\nVgkA+4w7zeV0gWPUDliQugwN9eLxX17qAud+9jFo6NVC7lEyMujYo2N2/ThykHQ7\ne74D4imI8f81225QOaOwMVVTesDmdiUFph+Fg9CNgR9cAaeoqd/r6SFjsoWr+mHk\ndNbu6ChFZFHz/Vg0QfgERbjgssS21M/PhZFSfIRzKXcRoLWt5IZhJpHWZQnRtix/\nJbhr31a2YqxA0raPJKgxzS4HoNk7CzaGAqjkS9MEvWZSyWPdx/hXVMaIwZuthc+9\nE0Ey2oCputxZN3AZn/RTXiNUYT1L+zEkmSTNsWHZQc/YqIqPKwj9ho3NwSjaacgN\nzbGjZhx3A6TjAoIBAAqPY0Ed1xfMLUK6npV1peeV8Z3ulVautCo+q7AWNf3/MDVT\nxBFaBbT8xPfs/uyhBcFkVzlTUsup5wDC29eE39TaW8lf7Bhv81+XixVcmZsfh8EL\nE31GLbK3YBHHQ0DC7i84oeFXlduEG4OiT4KecGZqsGmAlWPEjx4ZgWhzIynpG9x5\n+dD1asaUXhUV1aPA4B5AV+QrrVom2cnBZFp3NeKSFAfmr0fAGrsXiD5pvmzKTUGh\nPVcSEUt/mA2K2RcnGdG+gneaMm3//aVWGzJliO1yJLh1UmyHzz3fIq/5XT4ONcJ5\nzrBqmNVQRzlsn/tJNB15fWyllGECOKAsUmwSUhcCggEBANKhAl2OfMhzeaYUw+/F\nCiOi1sAE/8yhmzKI5uYjJJJirmY/lsHLr4reR5LQME4DqJI92RMRTRteK2J+EQD3\nVq8poFh93krQP/TYEyozF8vIGbwbjedPofxcBxMINEqgekxsHA5BGaZKHkOIQQpG\nR2U6Dggf47w0LtqrsErxF/GW/yi9LV3K0xLohtqmI//uShJbnE4IQY4JwYH7dES+\nSCei3XFqByxhR+j+5O274KEnRoSRc9D0owgfhhOV4TKuYNWLdHluKkXePRVY3Ymi\nV+l1KC0FULMeDdk7ulZpIVNMfjXohPxeYmkM7Kj0OOdmrY3fj7plvm0/krLvIb0z\nIUMCggEBAMGPQ29CKZ+SU8Wwd0YeFg2d6j9PPnIMSHZbAVbgxS0yxqhem0OQMe+y\nTcRzudsrmz4082VnB58u6lV85E194WzhOTpdT0j7e1nfcv9dZaXZSCVkPXLyzJbh\n01j7/0kaCaB4dcfXHwF7ndu10evDU7SfxNYzYMX3igavlg+0iWvgq2TiyisWsVNa\nIWouMWsJMD5qAJPZsLFNj/hUK3v8Rs7+SEgEPZafpH4IKkpy7Okr1pC4lEUCGcQS\nONfVQvZYBkOJGahYKD/pkfKOSLlXachFxhgXe4GY0PUviXFaG/HIy5JnFXiKD+VN\n0VZU2nGqJiQPMyShelUaVCLP95JSWYE=\n-----END PRIVATE KEY-----\n",
            "public_key_fingerprint_md5": "39:d2:4f:f1:64:81:ca:65:9e:49:ad:a2:cf:19:12:da",
            "public_key_fingerprint_sha256": "SHA256:qap+O1C+KrHgm+4OsP19t3zl/EYJ1E++A3n0dDWf7Yc",
            "public_key_openssh": "ssh-rsa AAAAB3NzaC1yc2EAAAADAQABAAACAQDJX4llDymiczMeLFm5p18MHKD/Esldfw+QKTqmKGuhrcx4QjaIRn0JTSf9ZXCzLalkOb/bE0PCCIGNUiNVQs+LJzmtX4pZrLhknGlq3KGT3ihPJuB7JouyOIlo8Gy6nQrXWmMXbHqrF5OUvRFvjMCxh+9h+tkuJpZCIogxaJTMHzcOJSpUUdRgcHCEhP1SzmbXZvGunNty3Kv0s3zuoAYs10Q9eilh30jWiiHx1EDdgM1Z6LY0Vml6Q8t6TEvhn3RobfKKwAGIJ+HNZlshwx943RjNYL9TcVIO3GlKQNcfTrtyInt5iLseCc/KnDjrFr2yuizSiVpc7I2OT1ufVa7b4dxw12VLoyIPpWy44VJLCQ21rOCVDrdmhRXBI7i5I8zCbp9eInd+EyM0s5z9l9bUQLAdITGxxi0fq3CbBTSxZ9RN5y7xXPxapTsqqAvEX4rjobCYzKOzBgyq7rH/PAI/RcCDhU3X9iAb9rmTncShtO72Hpo1xVChRw6nh0gGEjHQ6bLEciY6KUTBUUJo4cVA6yLUywP36G/sG2QJyHhREsKEUTtic29ez3SdA4xZz0HLDrlISC/YoQ99vldQ9PVPCYxQhuiwHrbp+zaFYUVMNTLazP13Z3eHTESt12DnyV0ejVFghNfKyVG2PePs8XZX8CiZtMnBJlhlAXQnxWEn/Q==\n",
            "public_key_pem": "-----BEGIN PUBLIC KEY-----\nMIICIjANBgkqhkiG9w0BAQEFAAOCAg8AMIICCgKCAgEAyV+JZQ8ponMzHixZuadf\nDByg/xLJXX8PkCk6pihroa3MeEI2iEZ9CU0n/WVwsy2pZDm/2xNDwgiBjVIjVULP\niyc5rV+KWay4ZJxpatyhk94oTybgeyaLsjiJaPBsup0K11pjF2x6qxeTlL0Rb4zA\nsYfvYfrZLiaWQiKIMWiUzB83DiUqVFHUYHBwhIT9Us5m12bxrpzbctyr9LN87qAG\nLNdEPXopYd9I1ooh8dRA3YDNWei2NFZpekPLekxL4Z90aG3yisABiCfhzWZbIcMf\neN0YzWC/U3FSDtxpSkDXH067ciJ7eYi7HgnPypw46xa9sros0olaXOyNjk9bn1Wu\n2+HccNdlS6MiD6VsuOFSSwkNtazglQ63ZoUVwSO4uSPMwm6fXiJ3fhMjNLOc/ZfW\n1ECwHSExscYtH6twmwU0sWfUTecu8Vz8WqU7KqgLxF+K46GwmMyjswYMqu6x/zwC\nP0XAg4VN1/YgG/a5k53EobTu9h6aNcVQoUcOp4dIBhIx0OmyxHImOilEwVFCaOHF\nQOsi1MsD9+hv7BtkCch4URLChFE7YnNvXs90nQOMWc9Byw65SEgv2KEPfb5XUPT1\nTwmMUIbosB626fs2hWFFTDUy2sz9d2d3h0xErddg58ldHo1RYITXyslRtj3j7PF2\nV/AombTJwSZYZQF0J8VhJ/0CAwEAAQ==\n-----END PUBLIC KEY-----\n",
            "rsa_bits": 4096
          },
          "sensitive_attributes": [
            [
              {
                "type": "get_attr",
                "value": "private_key_pem_pkcs8"
              }
            ],
            [
              {
                "type": "get_attr",
                "value": "private_key_openssh"
              }
            ],
            [
              {
                "type": "get_attr",
                "value": "private_key_pem"
              }
            ]
          ]
        }
      ]
    }
  ],
  "check_results": null
}
